
Microsoft Visual Studio Solution File, Format Version 12.00
# Visual Studio Version 17
VisualStudioVersion = 17.1.32328.378
MinimumVisualStudioVersion = 10.0.40219.1
Project("{9A19103F-16F7-4668-BE54-9A1E7A4F7556}") = "Users.Entities", "src\Enterprise Business Rules\Users.Entities\Users.Entities.csproj", "{61BB1539-07AC-489A-ADB3-201304959139}"
EndProject
Project("{9A19103F-16F7-4668-BE54-9A1E7A4F7556}") = "Users.Utils", "src\Enterprise Business Rules\Users.Utils\Users.Utils.csproj", "{13BAC74E-4FD6-4628-AD67-8904F0CD64B5}"
EndProject
Project("{2150E333-8FDC-42A3-9474-1A3956D46DE8}") = "0 - Enterprise Business Rules", "0 - Enterprise Business Rules", "{7F1C6577-5DBD-4DD9-85E0-8B1C5DE320A4}"
EndProject
Project("{2150E333-8FDC-42A3-9474-1A3956D46DE8}") = "1 - Application Business Rules", "1 - Application Business Rules", "{E69A8A6C-7E55-4566-B6C5-9570944C2B38}"
EndProject
Project("{9A19103F-16F7-4668-BE54-9A1E7A4F7556}") = "Users.DTO", "src\Application Business Rules\Users.DTO\Users.DTO.csproj", "{8AFD89A5-E98D-41DB-A387-AB3818B4D114}"
EndProject
Project("{9A19103F-16F7-4668-BE54-9A1E7A4F7556}") = "Users.UseCases", "src\Application Business Rules\Users.UseCases\Users.UseCases.csproj", "{EFB2B521-D9B5-46C8-A1D5-A5DA1FD8A681}"
EndProject
Project("{9A19103F-16F7-4668-BE54-9A1E7A4F7556}") = "Users.UseCasesPorts", "src\Application Business Rules\Users.UseCasesPorts\Users.UseCasesPorts.csproj", "{77212064-9609-4707-8F6C-F3564A615766}"
EndProject
Project("{2150E333-8FDC-42A3-9474-1A3956D46DE8}") = "3 - Frameworks And Drivers", "3 - Frameworks And Drivers", "{68D5D381-B512-4791-8AE6-F092ECAEF063}"
EndProject
Project("{9A19103F-16F7-4668-BE54-9A1E7A4F7556}") = "Users.API", "src\Frameworks and Drivers\Users.API\Users.API.csproj", "{D6190898-291D-4FE1-9E5B-140CFCAADAC7}"
EndProject
Project("{2150E333-8FDC-42A3-9474-1A3956D46DE8}") = "2 - Interface Adapters", "2 - Interface Adapters", "{9C5A2F58-806B-49D1-8E00-4ABBBB7DD1C6}"
EndProject
Project("{2150E333-8FDC-42A3-9474-1A3956D46DE8}") = "Gateways", "Gateways", "{207F87AA-98A5-467B-A16E-9D8FDD9BDC22}"
EndProject
Project("{2150E333-8FDC-42A3-9474-1A3956D46DE8}") = "Controllers", "Controllers", "{E1236396-80DD-4AD2-8BD6-1F200A96905E}"
EndProject
Project("{2150E333-8FDC-42A3-9474-1A3956D46DE8}") = "Presenters", "Presenters", "{2BE745A1-2099-4A64-B387-9E92D206771E}"
EndProject
Project("{9A19103F-16F7-4668-BE54-9A1E7A4F7556}") = "Users.Controllers", "src\Interface Adapters\Users.Controllers\Users.Controllers.csproj", "{A0EB5744-2A99-4D29-83F1-8F42235E694B}"
EndProject
Project("{9A19103F-16F7-4668-BE54-9A1E7A4F7556}") = "Users.Presenters", "src\Interface Adapters\Users.Presenters\Users.Presenters.csproj", "{B599EC22-7144-484B-8CEE-7F01FE545066}"
EndProject
Project("{9A19103F-16F7-4668-BE54-9A1E7A4F7556}") = "Users.IoC", "src\Interface Adapters\Users.IoC\Users.IoC.csproj", "{752698F9-3DD2-4689-ADC4-A6FA5ECCE496}"
EndProject
Project("{FAE04EC0-301F-11D3-BF4B-00C04F79EFBC}") = "Users.Mongo", "src\Interface Adapters\Users.Mongo\Users.Mongo.csproj", "{2609C8E7-AE1E-4AE1-AB03-4C7CCA3FEB80}"
EndProject
Global
	GlobalSection(SolutionConfigurationPlatforms) = preSolution
		Debug|Any CPU = Debug|Any CPU
		Release|Any CPU = Release|Any CPU
	EndGlobalSection
	GlobalSection(ProjectConfigurationPlatforms) = postSolution
		{61BB1539-07AC-489A-ADB3-201304959139}.Debug|Any CPU.ActiveCfg = Release|Any CPU
		{61BB1539-07AC-489A-ADB3-201304959139}.Debug|Any CPU.Build.0 = Release|Any CPU
		{61BB1539-07AC-489A-ADB3-201304959139}.Release|Any CPU.ActiveCfg = Release|Any CPU
		{61BB1539-07AC-489A-ADB3-201304959139}.Release|Any CPU.Build.0 = Release|Any CPU
		{13BAC74E-4FD6-4628-AD67-8904F0CD64B5}.Debug|Any CPU.ActiveCfg = Release|Any CPU
		{13BAC74E-4FD6-4628-AD67-8904F0CD64B5}.Debug|Any CPU.Build.0 = Release|Any CPU
		{13BAC74E-4FD6-4628-AD67-8904F0CD64B5}.Release|Any CPU.ActiveCfg = Release|Any CPU
		{13BAC74E-4FD6-4628-AD67-8904F0CD64B5}.Release|Any CPU.Build.0 = Release|Any CPU
		{8AFD89A5-E98D-41DB-A387-AB3818B4D114}.Debug|Any CPU.ActiveCfg = Release|Any CPU
		{8AFD89A5-E98D-41DB-A387-AB3818B4D114}.Debug|Any CPU.Build.0 = Release|Any CPU
		{8AFD89A5-E98D-41DB-A387-AB3818B4D114}.Release|Any CPU.ActiveCfg = Release|Any CPU
		{8AFD89A5-E98D-41DB-A387-AB3818B4D114}.Release|Any CPU.Build.0 = Release|Any CPU
		{EFB2B521-D9B5-46C8-A1D5-A5DA1FD8A681}.Debug|Any CPU.ActiveCfg = Release|Any CPU
		{EFB2B521-D9B5-46C8-A1D5-A5DA1FD8A681}.Debug|Any CPU.Build.0 = Release|Any CPU
		{EFB2B521-D9B5-46C8-A1D5-A5DA1FD8A681}.Release|Any CPU.ActiveCfg = Release|Any CPU
		{EFB2B521-D9B5-46C8-A1D5-A5DA1FD8A681}.Release|Any CPU.Build.0 = Release|Any CPU
		{77212064-9609-4707-8F6C-F3564A615766}.Debug|Any CPU.ActiveCfg = Release|Any CPU
		{77212064-9609-4707-8F6C-F3564A615766}.Debug|Any CPU.Build.0 = Release|Any CPU
		{77212064-9609-4707-8F6C-F3564A615766}.Release|Any CPU.ActiveCfg = Release|Any CPU
		{77212064-9609-4707-8F6C-F3564A615766}.Release|Any CPU.Build.0 = Release|Any CPU
		{D6190898-291D-4FE1-9E5B-140CFCAADAC7}.Debug|Any CPU.ActiveCfg = Release|Any CPU
		{D6190898-291D-4FE1-9E5B-140CFCAADAC7}.Debug|Any CPU.Build.0 = Release|Any CPU
		{D6190898-291D-4FE1-9E5B-140CFCAADAC7}.Release|Any CPU.ActiveCfg = Release|Any CPU
		{D6190898-291D-4FE1-9E5B-140CFCAADAC7}.Release|Any CPU.Build.0 = Release|Any CPU
		{A0EB5744-2A99-4D29-83F1-8F42235E694B}.Debug|Any CPU.ActiveCfg = Release|Any CPU
		{A0EB5744-2A99-4D29-83F1-8F42235E694B}.Debug|Any CPU.Build.0 = Release|Any CPU
		{A0EB5744-2A99-4D29-83F1-8F42235E694B}.Release|Any CPU.ActiveCfg = Release|Any CPU
		{A0EB5744-2A99-4D29-83F1-8F42235E694B}.Release|Any CPU.Build.0 = Release|Any CPU
		{B599EC22-7144-484B-8CEE-7F01FE545066}.Debug|Any CPU.ActiveCfg = Release|Any CPU
		{B599EC22-7144-484B-8CEE-7F01FE545066}.Debug|Any CPU.Build.0 = Release|Any CPU
		{B599EC22-7144-484B-8CEE-7F01FE545066}.Release|Any CPU.ActiveCfg = Release|Any CPU
		{B599EC22-7144-484B-8CEE-7F01FE545066}.Release|Any CPU.Build.0 = Release|Any CPU
		{752698F9-3DD2-4689-ADC4-A6FA5ECCE496}.Debug|Any CPU.ActiveCfg = Release|Any CPU
		{752698F9-3DD2-4689-ADC4-A6FA5ECCE496}.Debug|Any CPU.Build.0 = Release|Any CPU
		{752698F9-3DD2-4689-ADC4-A6FA5ECCE496}.Release|Any CPU.ActiveCfg = Release|Any CPU
		{752698F9-3DD2-4689-ADC4-A6FA5ECCE496}.Release|Any CPU.Build.0 = Release|Any CPU
		{2609C8E7-AE1E-4AE1-AB03-4C7CCA3FEB80}.Debug|Any CPU.ActiveCfg = Debug|Any CPU
		{2609C8E7-AE1E-4AE1-AB03-4C7CCA3FEB80}.Debug|Any CPU.Build.0 = Debug|Any CPU
		{2609C8E7-AE1E-4AE1-AB03-4C7CCA3FEB80}.Release|Any CPU.ActiveCfg = Release|Any CPU
		{2609C8E7-AE1E-4AE1-AB03-4C7CCA3FEB80}.Release|Any CPU.Build.0 = Release|Any CPU
	EndGlobalSection
	GlobalSection(SolutionProperties) = preSolution
		HideSolutionNode = FALSE
	EndGlobalSection
	GlobalSection(NestedProjects) = preSolution
		{61BB1539-07AC-489A-ADB3-201304959139} = {7F1C6577-5DBD-4DD9-85E0-8B1C5DE320A4}
		{13BAC74E-4FD6-4628-AD67-8904F0CD64B5} = {7F1C6577-5DBD-4DD9-85E0-8B1C5DE320A4}
		{8AFD89A5-E98D-41DB-A387-AB3818B4D114} = {E69A8A6C-7E55-4566-B6C5-9570944C2B38}
		{EFB2B521-D9B5-46C8-A1D5-A5DA1FD8A681} = {E69A8A6C-7E55-4566-B6C5-9570944C2B38}
		{77212064-9609-4707-8F6C-F3564A615766} = {E69A8A6C-7E55-4566-B6C5-9570944C2B38}
		{D6190898-291D-4FE1-9E5B-140CFCAADAC7} = {68D5D381-B512-4791-8AE6-F092ECAEF063}
		{207F87AA-98A5-467B-A16E-9D8FDD9BDC22} = {9C5A2F58-806B-49D1-8E00-4ABBBB7DD1C6}
		{E1236396-80DD-4AD2-8BD6-1F200A96905E} = {9C5A2F58-806B-49D1-8E00-4ABBBB7DD1C6}
		{2BE745A1-2099-4A64-B387-9E92D206771E} = {9C5A2F58-806B-49D1-8E00-4ABBBB7DD1C6}
		{A0EB5744-2A99-4D29-83F1-8F42235E694B} = {E1236396-80DD-4AD2-8BD6-1F200A96905E}
		{B599EC22-7144-484B-8CEE-7F01FE545066} = {2BE745A1-2099-4A64-B387-9E92D206771E}
		{752698F9-3DD2-4689-ADC4-A6FA5ECCE496} = {207F87AA-98A5-467B-A16E-9D8FDD9BDC22}
		{2609C8E7-AE1E-4AE1-AB03-4C7CCA3FEB80} = {207F87AA-98A5-467B-A16E-9D8FDD9BDC22}
	EndGlobalSection
	GlobalSection(ExtensibilityGlobals) = postSolution
		SolutionGuid = {8290FA69-8853-4DB6-A9D0-D5E9813FF4EF}
	EndGlobalSection
EndGlobal
